// !$*UTF8*$!
{
	archiveVersion = 1;
	classes = {
	};
	objectVersion = 50;
	objects = {

/* Begin PBXBuildFile section */
		D45E260027A257790058EEB0 /* AppDelegate.swift in Sources */ = {isa = PBXBuildFile; fileRef = D45E25FF27A257790058EEB0 /* AppDelegate.swift */; };
		D45E260227A257790058EEB0 /* SceneDelegate.swift in Sources */ = {isa = PBXBuildFile; fileRef = D45E260127A257790058EEB0 /* SceneDelegate.swift */; };
		D45E260727A257790058EEB0 /* Main.storyboard in Resources */ = {isa = PBXBuildFile; fileRef = D45E260527A257790058EEB0 /* Main.storyboard */; };
		D45E260927A257870058EEB0 /* Assets.xcassets in Resources */ = {isa = PBXBuildFile; fileRef = D45E260827A257870058EEB0 /* Assets.xcassets */; };
		D45E260C27A257870058EEB0 /* LaunchScreen.storyboard in Resources */ = {isa = PBXBuildFile; fileRef = D45E260A27A257870058EEB0 /* LaunchScreen.storyboard */; };
		D45E261927A257E30058EEB0 /* Contact.swift in Sources */ = {isa = PBXBuildFile; fileRef = D45E261827A257E30058EEB0 /* Contact.swift */; };
		D45E262027A258240058EEB0 /* BaseViewController.swift in Sources */ = {isa = PBXBuildFile; fileRef = D45E261F27A258240058EEB0 /* BaseViewController.swift */; };
		D45E262427A258410058EEB0 /* HomeViewController.swift in Sources */ = {isa = PBXBuildFile; fileRef = D45E262227A258410058EEB0 /* HomeViewController.swift */; };
		D45E262527A258410058EEB0 /* HomeViewController.xib in Resources */ = {isa = PBXBuildFile; fileRef = D45E262327A258410058EEB0 /* HomeViewController.xib */; };
		D45E262927A2585A0058EEB0 /* CreateViewController.swift in Sources */ = {isa = PBXBuildFile; fileRef = D45E262727A2585A0058EEB0 /* CreateViewController.swift */; };
		D45E262A27A2585A0058EEB0 /* CreateViewController.xib in Resources */ = {isa = PBXBuildFile; fileRef = D45E262827A2585A0058EEB0 /* CreateViewController.xib */; };
		D45E262E27A2586C0058EEB0 /* EditViewController.swift in Sources */ = {isa = PBXBuildFile; fileRef = D45E262C27A2586C0058EEB0 /* EditViewController.swift */; };
		D45E262F27A2586C0058EEB0 /* EditViewController.xib in Resources */ = {isa = PBXBuildFile; fileRef = D45E262D27A2586C0058EEB0 /* EditViewController.xib */; };
		D45E263427A25BE50058EEB0 /* ContactTableViewCell.swift in Sources */ = {isa = PBXBuildFile; fileRef = D45E263227A25BE50058EEB0 /* ContactTableViewCell.swift */; };
		D45E263527A25BE50058EEB0 /* ContactTableViewCell.xib in Resources */ = {isa = PBXBuildFile; fileRef = D45E263327A25BE50058EEB0 /* ContactTableViewCell.xib */; };
/* End PBXBuildFile section */

/* Begin PBXFileReference section */
		D45E25FC27A257790058EEB0 /* StoryboardContactTask.app */ = {isa = PBXFileReference; explicitFileType = wrapper.application; includeInIndex = 0; path = StoryboardContactTask.app; sourceTree = BUILT_PRODUCTS_DIR; };
		D45E25FF27A257790058EEB0 /* AppDelegate.swift */ = {isa = PBXFileReference; lastKnownFileType = sourcecode.swift; path = AppDelegate.swift; sourceTree = "<group>"; };
		D45E260127A257790058EEB0 /* SceneDelegate.swift */ = {isa = PBXFileReference; lastKnownFileType = sourcecode.swift; path = SceneDelegate.swift; sourceTree = "<group>"; };
		D45E260627A257790058EEB0 /* Base */ = {isa = PBXFileReference; lastKnownFileType = file.storyboard; name = Base; path = Base.lproj/Main.storyboard; sourceTree = "<group>"; };
		D45E260827A257870058EEB0 /* Assets.xcassets */ = {isa = PBXFileReference; lastKnownFileType = folder.assetcatalog; path = Assets.xcassets; sourceTree = "<group>"; };
		D45E260B27A257870058EEB0 /* Base */ = {isa = PBXFileReference; lastKnownFileType = file.storyboard; name = Base; path = Base.lproj/LaunchScreen.storyboard; sourceTree = "<group>"; };
		D45E260D27A257870058EEB0 /* Info.plist */ = {isa = PBXFileReference; lastKnownFileType = text.plist.xml; path = Info.plist; sourceTree = "<group>"; };
		D45E261827A257E30058EEB0 /* Contact.swift */ = {isa = PBXFileReference; lastKnownFileType = sourcecode.swift; path = Contact.swift; sourceTree = "<group>"; };
		D45E261F27A258240058EEB0 /* BaseViewController.swift */ = {isa = PBXFileReference; lastKnownFileType = sourcecode.swift; path = BaseViewController.swift; sourceTree = "<group>"; };
		D45E262227A258410058EEB0 /* HomeViewController.swift */ = {isa = PBXFileReference; lastKnownFileType = sourcecode.swift; path = HomeViewController.swift; sourceTree = "<group>"; };
		D45E262327A258410058EEB0 /* HomeViewController.xib */ = {isa = PBXFileReference; lastKnownFileType = file.xib; path = HomeViewController.xib; sourceTree = "<group>"; };
		D45E262727A2585A0058EEB0 /* CreateViewController.swift */ = {isa = PBXFileReference; lastKnownFileType = sourcecode.swift; path = CreateViewController.swift; sourceTree = "<group>"; };
		D45E262827A2585A0058EEB0 /* CreateViewController.xib */ = {isa = PBXFileReference; lastKnownFileType = file.xib; path = CreateViewController.xib; sourceTree = "<group>"; };
		D45E262C27A2586C0058EEB0 /* EditViewController.swift */ = {isa = PBXFileReference; lastKnownFileType = sourcecode.swift; path = EditViewController.swift; sourceTree = "<group>"; };
		D45E262D27A2586C0058EEB0 /* EditViewController.xib */ = {isa = PBXFileReference; lastKnownFileType = file.xib; path = EditViewController.xib; sourceTree = "<group>"; };
		D45E263227A25BE50058EEB0 /* ContactTableViewCell.swift */ = {isa = PBXFileReference; lastKnownFileType = sourcecode.swift; path = ContactTableViewCell.swift; sourceTree = "<group>"; };
		D45E263327A25BE50058EEB0 /* ContactTableViewCell.xib */ = {isa = PBXFileReference; lastKnownFileType = file.xib; path = ContactTableViewCell.xib; sourceTree = "<group>"; };
/* End PBXFileReference section */

/* Begin PBXFrameworksBuildPhase section */
		D45E25F927A257790058EEB0 /* Frameworks */ = {
			isa = PBXFrameworksBuildPhase;
			buildActionMask = 2147483647;
			files = (
			);
			runOnlyForDeploymentPostprocessing = 0;
		};
/* End PBXFrameworksBuildPhase section */

/* Begin PBXGroup section */
		D45E25F327A257790058EEB0 = {
			isa = PBXGroup;
			children = (
				D45E25FE27A257790058EEB0 /* StoryboardContactTask */,
				D45E25FD27A257790058EEB0 /* Products */,
			);
			sourceTree = "<group>";
		};
		D45E25FD27A257790058EEB0 /* Products */ = {
			isa = PBXGroup;
			children = (
				D45E25FC27A257790058EEB0 /* StoryboardContactTask.app */,
			);
			name = Products;
			sourceTree = "<group>";
		};
		D45E25FE27A257790058EEB0 /* StoryboardContactTask */ = {
			isa = PBXGroup;
			children = (
				D45E261627A257B00058EEB0 /* Controllers */,
				D45E261427A2579C0058EEB0 /* Model */,
				D45E261327A257900058EEB0 /* Apputilis */,
				D45E25FF27A257790058EEB0 /* AppDelegate.swift */,
				D45E260127A257790058EEB0 /* SceneDelegate.swift */,
				D45E260D27A257870058EEB0 /* Info.plist */,
			);
			path = StoryboardContactTask;
			sourceTree = "<group>";
		};
		D45E261327A257900058EEB0 /* Apputilis */ = {
			isa = PBXGroup;
			children = (
				D45E260A27A257870058EEB0 /* LaunchScreen.storyboard */,
				D45E260827A257870058EEB0 /* Assets.xcassets */,
				D45E260527A257790058EEB0 /* Main.storyboard */,
			);
			path = Apputilis;
			sourceTree = "<group>";
		};
		D45E261427A2579C0058EEB0 /* Model */ = {
			isa = PBXGroup;
			children = (
				D45E261827A257E30058EEB0 /* Contact.swift */,
			);
			path = Model;
			sourceTree = "<group>";
		};
		D45E261627A257B00058EEB0 /* Controllers */ = {
			isa = PBXGroup;
			children = (
				D45E263127A25BBA0058EEB0 /* Cell */,
				D45E261F27A258240058EEB0 /* BaseViewController.swift */,
				D45E262227A258410058EEB0 /* HomeViewController.swift */,
				D45E262327A258410058EEB0 /* HomeViewController.xib */,
				D45E262727A2585A0058EEB0 /* CreateViewController.swift */,
				D45E262827A2585A0058EEB0 /* CreateViewController.xib */,
				D45E262C27A2586C0058EEB0 /* EditViewController.swift */,
				D45E262D27A2586C0058EEB0 /* EditViewController.xib */,
			);
			path = Controllers;
			sourceTree = "<group>";
		};
		D45E263127A25BBA0058EEB0 /* Cell */ = {
			isa = PBXGroup;
			children = (
				D45E263227A25BE50058EEB0 /* ContactTableViewCell.swift */,
				D45E263327A25BE50058EEB0 /* ContactTableViewCell.xib */,
			);
			path = Cell;
			sourceTree = "<group>";
		};
/* End PBXGroup section */

/* Begin PBXNativeTarget section */
		D45E25FB27A257790058EEB0 /* StoryboardContactTask */ = {
			isa = PBXNativeTarget;
			buildConfigurationList = D45E261027A257870058EEB0 /* Build configuration list for PBXNativeTarget "StoryboardContactTask" */;
			buildPhases = (
				D45E25F827A257790058EEB0 /* Sources */,
				D45E25F927A257790058EEB0 /* Frameworks */,
				D45E25FA27A257790058EEB0 /* Resources */,
			);
			buildRules = (
			);
			dependencies = (
			);
			name = StoryboardContactTask;
			productName = StoryboardContactTask;
			productReference = D45E25FC27A257790058EEB0 /* StoryboardContactTask.app */;
			productType = "com.apple.product-type.application";
		};
/* End PBXNativeTarget section */

/* Begin PBXProject section */
		D45E25F427A257790058EEB0 /* Project object */ = {
			isa = PBXProject;
			attributes = {
				LastSwiftUpdateCheck = 1240;
				LastUpgradeCheck = 1240;
				TargetAttributes = {
					D45E25FB27A257790058EEB0 = {
						CreatedOnToolsVersion = 12.4;
					};
				};
			};
			buildConfigurationList = D45E25F727A257790058EEB0 /* Build configuration list for PBXProject "StoryboardContactTask" */;
			compatibilityVersion = "Xcode 9.3";
			developmentRegion = en;
			hasScannedForEncodings = 0;
			knownRegions = (
				en,
				Base,
			);
			mainGroup = D45E25F327A257790058EEB0;
			productRefGroup = D45E25FD27A257790058EEB0 /* Products */;
			projectDirPath = "";
			projectRoot = "";
			targets = (
				D45E25FB27A257790058EEB0 /* StoryboardContactTask */,
			);
		};
/* End PBXProject section */

/* Begin PBXResourcesBuildPhase section */
		D45E25FA27A257790058EEB0 /* Resources */ = {
			isa = PBXResourcesBuildPhase;
			buildActionMask = 2147483647;
			files = (
				D45E262F27A2586C0058EEB0 /* EditViewController.xib in Resources */,
				D45E260C27A257870058EEB0 /* LaunchScreen.storyboard in Resources */,
				D45E263527A25BE50058EEB0 /* ContactTableViewCell.xib in Resources */,
				D45E262A27A2585A0058EEB0 /* CreateViewController.xib in Resources */,
				D45E260927A257870058EEB0 /* Assets.xcassets in Resources */,
				D45E260727A257790058EEB0 /* Main.storyboard in Resources */,
				D45E262527A258410058EEB0 /* HomeViewController.xib in Resources */,
			);
			runOnlyForDeploymentPostprocessing = 0;
		};
/* End PBXResourcesBuildPhase section */

/* Begin PBXSourcesBuildPhase section */
		D45E25F827A257790058EEB0 /* Sources */ = {
			isa = PBXSourcesBuildPhase;
			buildActionMask = 2147483647;
			files = (
				D45E262427A258410058EEB0 /* HomeViewController.swift in Sources */,
				D45E261927A257E30058EEB0 /* Contact.swift in Sources */,
				D45E262927A2585A0058EEB0 /* CreateViewController.swift in Sources */,
				D45E262027A258240058EEB0 /* BaseViewController.swift in Sources */,
				D45E263427A25BE50058EEB0 /* ContactTableViewCell.swift in Sources */,
				D45E260027A257790058EEB0 /* AppDelegate.swift in Sources */,
				D45E260227A257790058EEB0 /* SceneDelegate.swift in Sources */,
				D45E262E27A2586C0058EEB0 /* EditViewController.swift in Sources */,
			);
			runOnlyForDeploymentPostprocessing = 0;
		};
/* End PBXSourcesBuildPhase section */

/* Begin PBXVariantGroup section */
		D45E260527A257790058EEB0 /* Main.storyboard */ = {
			isa = PBXVariantGroup;
			children = (
				D45E260627A257790058EEB0 /* Base */,
			);
			name = Main.storyboard;
			sourceTree = "<group>";
		};
		D45E260A27A257870058EEB0 /* LaunchScreen.storyboard */ = {
			isa = PBXVariantGroup;
			children = (
				D45E260B27A257870058EEB0 /* Base */,
			);
			name = LaunchScreen.storyboard;
			sourceTree = "<group>";
		};
/* End PBXVariantGroup section */

/* Begin XCBuildConfiguration section */
		D45E260E27A257870058EEB0 /* Debug */ = {
			isa = XCBuildConfiguration;
			buildSettings = {
				ALWAYS_SEARCH_USER_PATHS = NO;
				CLANG_ANALYZER_NONNULL = YES;
				CLANG_ANALYZER_NUMBER_OBJECT_CONVERSION = YES_AGGRESSIVE;
				CLANG_CXX_LANGUAGE_STANDARD = "gnu++14";
				CLANG_CXX_LIBRARY = "libc++";
				CLANG_ENABLE_MODULES = YES;
				CLANG_ENABLE_OBJC_ARC = YES;
				CLANG_ENABLE_OBJC_WEAK = YES;
				CLANG_WARN_BLOCK_CAPTURE_AUTORELEASING = YES;
				CLANG_WARN_BOOL_CONVERSION = YES;
				CLANG_WARN_COMMA = YES;
				CLANG_WARN_CONSTANT_CONVERSION = YES;
				CLANG_WARN_DEPRECATED_OBJC_IMPLEMENTATIONS = YES;
				CLANG_WARN_DIRECT_OBJC_ISA_USAGE = YES_ERROR;
				CLANG_WARN_DOCUMENTATION_COMMENTS = YES;
				CLANG_WARN_EMPTY_BODY = YES;
				CLANG_WARN_ENUM_CONVERSION = YES;
				CLANG_WARN_INFINITE_RECURSION = YES;
				CLANG_WARN_INT_CONVERSION = YES;
				CLANG_WARN_NON_LITERAL_NULL_CONVERSION = YES;
				CLANG_WARN_OBJC_IMPLICIT_RETAIN_SELF = YES;
				CLANG_WARN_OBJC_LITERAL_CONVERSION = YES;
				CLANG_WARN_OBJC_ROOT_CLASS = YES_ERROR;
				CLANG_WARN_QUOTED_INCLUDE_IN_FRAMEWORK_HEADER = YES;
				CLANG_WARN_RANGE_LOOP_ANALYSIS = YES;
				CLANG_WARN_STRICT_PROTOTYPES = YES;
				CLANG_WARN_SUSPICIOUS_MOVE = YES;
				CLANG_WARN_UNGUARDED_AVAILABILITY = YES_AGGRESSIVE;
				CLANG_WARN_UNREACHABLE_CODE = YES;
				CLANG_WARN__DUPLICATE_METHOD_MATCH = YES;
				COPY_PHASE_STRIP = NO;
				DEBUG_INFORMATION_FORMAT = dwarf;
				ENABLE_STRICT_OBJC_MSGSEND = YES;
				ENABLE_TESTABILITY = YES;
				GCC_C_LANGUAGE_STANDARD = gnu11;
				GCC_DYNAMIC_NO_PIC = NO;
				GCC_NO_COMMON_BLOCKS = YES;
				GCC_OPTIMIZATION_LEVEL = 0;
				GCC_PREPROCESSOR_DEFINITIONS = (
					"DEBUG=1",
					"$(inherited)",
				);
				GCC_WARN_64_TO_32_BIT_CONVERSION = YES;
				GCC_WARN_ABOUT_RETURN_TYPE = YES_ERROR;
				GCC_WARN_UNDECLARED_SELECTOR = YES;
				GCC_WARN_UNINITIALIZED_AUTOS = YES_AGGRESSIVE;
				GCC_WARN_UNUSED_FUNCTION = YES;
				GCC_WARN_UNUSED_VARIABLE = YES;
				IPHONEOS_DEPLOYMENT_TARGET = 14.4;
				MTL_ENABLE_DEBUG_INFO = INCLUDE_SOURCE;
				MTL_FAST_MATH = YES;
				ONLY_ACTIVE_ARCH = YES;
				SDKROOT = iphoneos;
				SWIFT_ACTIVE_COMPILATION_CONDITIONS = DEBUG;
				SWIFT_OPTIMIZATION_LEVEL = "-Onone";
			};
			name = Debug;
		};
		D45E260F27A257870058EEB0 /* Release */ = {
			isa = XCBuildConfiguration;
			buildSettings = {
				ALWAYS_SEARCH_USER_PATHS = NO;
				CLANG_ANALYZER_NONNULL = YES;
				CLANG_ANALYZER_NUMBER_OBJECT_CONVERSION = YES_AGGRESSIVE;
				CLANG_CXX_LANGUAGE_STANDARD = "gnu++14";
				CLANG_CXX_LIBRARY = "libc++";
				CLANG_ENABLE_MODULES = YES;
				CLANG_ENABLE_OBJC_ARC = YES;
				CLANG_ENABLE_OBJC_WEAK = YES;
				CLANG_WARN_BLOCK_CAPTURE_AUTORELEASING = YES;
				CLANG_WARN_BOOL_CONVERSION = YES;
				CLANG_WARN_COMMA = YES;
				CLANG_WARN_CONSTANT_CONVERSION = YES;
				CLANG_WARN_DEPRECATED_OBJC_IMPLEMENTATIONS = YES;
				CLANG_WARN_DIRECT_OBJC_ISA_USAGE = YES_ERROR;
				CLANG_WARN_DOCUMENTATION_COMMENTS = YES;
				CLANG_WARN_EMPTY_BODY = YES;
				CLANG_WARN_ENUM_CONVERSION = YES;
				CLANG_WARN_INFINITE_RECURSION = YES;
				CLANG_WARN_INT_CONVERSION = YES;
				CLANG_WARN_NON_LITERAL_NULL_CONVERSION = YES;
				CLANG_WARN_OBJC_IMPLICIT_RETAIN_SELF = YES;
				CLANG_WARN_OBJC_LITERAL_CONVERSION = YES;
				CLANG_WARN_OBJC_ROOT_CLASS = YES_ERROR;
				CLANG_WARN_QUOTED_INCLUDE_IN_FRAMEWORK_HEADER = YES;
				CLANG_WARN_RANGE_LOOP_ANALYSIS = YES;
				CLANG_WARN_STRICT_PROTOTYPES = YES;
				CLANG_WARN_SUSPICIOUS_MOVE = YES;
				CLANG_WARN_UNGUARDED_AVAILABILITY = YES_AGGRESSIVE;
				CLANG_WARN_UNREACHABLE_CODE = YES;
				CLANG_WARN__DUPLICATE_METHOD_MATCH = YES;
				COPY_PHASE_STRIP = NO;
				DEBUG_INFORMATION_FORMAT = "dwarf-with-dsym";
				ENABLE_NS_ASSERTIONS = NO;
				ENABLE_STRICT_OBJC_MSGSEND = YES;
				GCC_C_LANGUAGE_STANDARD = gnu11;
				GCC_NO_COMMON_BLOCKS = YES;
				GCC_WARN_64_TO_32_BIT_CONVERSION = YES;
				GCC_WARN_ABOUT_RETURN_TYPE = YES_ERROR;
				GCC_WARN_UNDECLARED_SELECTOR = YES;
				GCC_WARN_UNINITIALIZED_AUTOS = YES_AGGRESSIVE;
				GCC_WARN_UNUSED_FUNCTION = YES;
				GCC_WARN_UNUSED_VARIABLE = YES;
				IPHONEOS_DEPLOYMENT_TARGET = 14.4;
				MTL_ENABLE_DEBUG_INFO = NO;
				MTL_FAST_MATH = YES;
				SDKROOT = iphoneos;
				SWIFT_COMPILATION_MODE = wholemodule;
				SWIFT_OPTIMIZATION_LEVEL = "-O";
				VALIDATE_PRODUCT = YES;
			};
			name = Release;
		};
		D45E261127A257870058EEB0 /* Debug */ = {
			isa = XCBuildConfiguration;
			buildSettings = {
				ASSETCATALOG_COMPILER_APPICON_NAME = AppIcon;
				ASSETCATALOG_COMPILER_GLOBAL_ACCENT_COLOR_NAME = AccentColor;
				CODE_SIGN_STYLE = Automatic;
				DEVELOPMENT_TEAM = HFBB6GBVXZ;
				INFOPLIST_FILE = StoryboardContactTask/Info.plist;
				LD_RUNPATH_SEARCH_PATHS = (
					"$(inherited)",
					"@executable_path/Frameworks",
				);
				PRODUCT_BUNDLE_IDENTIFIER = Time.StoryboardContactTask;
				PRODUCT_NAME = "$(TARGET_NAME)";
				SWIFT_VERSION = 5.0;
				TARGETED_DEVICE_FAMILY = "1,2";
			};
			name = Debug;
		};
		D45E261227A257870058EEB0 /* Release */ = {
			isa = XCBuildConfiguration;
			buildSettings = {
				ASSETCATALOG_COMPILER_APPICON_NAME = AppIcon;
				ASSETCATALOG_COMPILER_GLOBAL_ACCENT_COLOR_NAME = AccentColor;
				CODE_SIGN_STYLE = Automatic;
				DEVELOPMENT_TEAM = HFBB6GBVXZ;
				INFOPLIST_FILE = StoryboardContactTask/Info.plist;
				LD_RUNPATH_SEARCH_PATHS = (
					"$(inherited)",
					"@executable_path/Frameworks",
				);
				PRODUCT_BUNDLE_IDENTIFIER = Time.StoryboardContactTask;
				PRODUCT_NAME = "$(TARGET_NAME)";
				SWIFT_VERSION = 5.0;
				TARGETED_DEVICE_FAMILY = "1,2";
			};
			name = Release;
		};
/* End XCBuildConfiguration section */

/* Begin XCConfigurationList section */
		D45E25F727A257790058EEB0 /* Build configuration list for PBXProject "StoryboardContactTask" */ = {
			isa = XCConfigurationList;
			buildConfigurations = (
				D45E260E27A257870058EEB0 /* Debug */,
				D45E260F27A257870058EEB0 /* Release */,
			);
			defaultConfigurationIsVisible = 0;
			defaultConfigurationName = Release;
		};
		D45E261027A257870058EEB0 /* Build configuration list for PBXNativeTarget "StoryboardContactTask" */ = {
			isa = XCConfigurationList;
			buildConfigurations = (
				D45E261127A257870058EEB0 /* Debug */,
				D45E261227A257870058EEB0 /* Release */,
			);
			defaultConfigurationIsVisible = 0;
			defaultConfigurationName = Release;
		};
/* End XCConfigurationList section */
	};
	rootObject = D45E25F427A257790058EEB0 /* Project object */;
}
